<?xml version="1.0" encoding="utf-8"?>
<Project ToolsVersion="4.0" xmlns="http://schemas.microsoft.com/developer/msbuild/2003">
  <ItemGroup>
    <Filter Include="Source Files">
      <UniqueIdentifier>{4FC737F1-C7A5-4376-A066-2A32D752A2FF}</UniqueIdentifier>
      <Extensions>cpp;c;cc;cxx;c++;cppm;ixx;def;odl;idl;hpj;bat;asm;asmx</Extensions>
    </Filter>
    <Filter Include="Header Files">
      <UniqueIdentifier>{93995380-89BD-4b04-88EB-625FBE52EBFB}</UniqueIdentifier>
      <Extensions>h;hh;hpp;hxx;h++;hm;inl;inc;ipp;xsd</Extensions>
    </Filter>
    <Filter Include="Resource Files">
      <UniqueIdentifier>{67DA6AB6-F800-4c08-8B7A-83BB121AAD01}</UniqueIdentifier>
      <Extensions>rc;ico;cur;bmp;dlg;rc2;rct;bin;rgs;gif;jpg;jpeg;jpe;resx;tiff;tif;png;wav;mfcribbon-ms</Extensions>
    </Filter>
    <Filter Include="Header Files\Protocol">
      <UniqueIdentifier>{825e160d-6ae6-4374-9add-c95d8fd6d86b}</UniqueIdentifier>
    </Filter>
    <Filter Include="Source Files\Protocol">
      <UniqueIdentifier>{f69a0e0c-f85c-4508-9d42-b79695b2c0a5}</UniqueIdentifier>
    </Filter>
    <Filter Include="Header Files\Storage">
      <UniqueIdentifier>{d28f421a-dc67-4a9a-ae0b-260fa716b0c2}</UniqueIdentifier>
    </Filter>
    <Filter Include="Source Files\Storage">
      <UniqueIdentifier>{d8697bba-642f-4d5b-90dd-903298a82dce}</UniqueIdentifier>
    </Filter>
    <Filter Include="Header Files\Communication">
      <UniqueIdentifier>{361eb93f-531c-4216-a27b-aba52ac1c186}</UniqueIdentifier>
    </Filter>
    <Filter Include="Source Files\Communication">
      <UniqueIdentifier>{b231a22d-a164-403f-97a9-0811736ad7d0}</UniqueIdentifier>
    </Filter>
    <Filter Include="Header Files\Commands">
      <UniqueIdentifier>{98d270fa-a01b-4bf5-ab6f-bb5132523f39}</UniqueIdentifier>
    </Filter>
    <Filter Include="Source Files\Commands">
      <UniqueIdentifier>{b0a43e15-779c-4a0d-95e7-c04576f82251}</UniqueIdentifier>
    </Filter>
    <Filter Include="Header Files\CommandHandlers">
      <UniqueIdentifier>{f9d48df0-6c2f-4b3f-a724-a1e721abf656}</UniqueIdentifier>
    </Filter>
    <Filter Include="Source Files\CommandHandlers">
      <UniqueIdentifier>{ef492891-a477-45f4-a7d2-7e95929d7718}</UniqueIdentifier>
    </Filter>
    <Filter Include="Header Files\Products">
      <UniqueIdentifier>{a1b68904-c8f2-4309-a589-9eef15dfac4d}</UniqueIdentifier>
    </Filter>
    <Filter Include="Source Files\Products">
      <UniqueIdentifier>{cf024f86-5f8f-4c27-81fb-286eea7502cf}</UniqueIdentifier>
    </Filter>
    <Filter Include="Header Files\Loggers">
      <UniqueIdentifier>{1e888d1b-9565-41ac-90ba-570b2342d08a}</UniqueIdentifier>
    </Filter>
    <Filter Include="Source Files\Loggers">
      <UniqueIdentifier>{cf906a3e-cec9-4d0e-9833-f1b56da0aa44}</UniqueIdentifier>
    </Filter>
  </ItemGroup>
  <ItemGroup>
    <None Include="conf.json">
      <Filter>Resource Files</Filter>
    </None>
  </ItemGroup>
  <ItemGroup>
    <ClCompile Include="main.cpp">
      <Filter>Source Files</Filter>
    </ClCompile>
    <ClCompile Include="Configurator.cpp">
      <Filter>Source Files</Filter>
    </ClCompile>
    <ClCompile Include="Client.cpp">
      <Filter>Source Files</Filter>
    </ClCompile>
    <ClCompile Include="RequestInfo.cpp">
      <Filter>Source Files\Protocol</Filter>
    </ClCompile>
    <ClCompile Include="IStorage.cpp">
      <Filter>Source Files\Storage</Filter>
    </ClCompile>
    <ClCompile Include="RegistryStorage.cpp">
      <Filter>Source Files\Storage</Filter>
    </ClCompile>
    <ClCompile Include="RamStorage.cpp">
      <Filter>Source Files\Storage</Filter>
    </ClCompile>
    <ClCompile Include="HttpCommunicator.cpp">
      <Filter>Source Files\Communication</Filter>
    </ClCompile>
    <ClCompile Include="ICommunicator.cpp">
      <Filter>Source Files\Communication</Filter>
    </ClCompile>
    <ClCompile Include="IRequest.cpp">
      <Filter>Source Files\Protocol</Filter>
    </ClCompile>
    <ClCompile Include="ResponseInfo.cpp">
      <Filter>Source Files\Protocol</Filter>
    </ClCompile>
    <ClCompile Include="BasicRequest.cpp">
      <Filter>Source Files\Protocol</Filter>
    </ClCompile>
    <ClCompile Include="IResponse.cpp">
      <Filter>Source Files\Protocol</Filter>
    </ClCompile>
    <ClCompile Include="BasicResponse.cpp">
      <Filter>Source Files\Protocol</Filter>
    </ClCompile>
    <ClCompile Include="BasicCommand.cpp">
      <Filter>Source Files\Commands</Filter>
    </ClCompile>
    <ClCompile Include="InstallClientResponse.cpp">
      <Filter>Source Files\Protocol</Filter>
    </ClCompile>
    <ClCompile Include="PopupCommand.cpp">
      <Filter>Source Files\Commands</Filter>
    </ClCompile>
    <ClCompile Include="GetCommandResponse.cpp">
      <Filter>Source Files\Protocol</Filter>
    </ClCompile>
    <ClCompile Include="CommandFactory.cpp">
      <Filter>Source Files\Commands</Filter>
    </ClCompile>
    <ClCompile Include="ICommandHandler.cpp">
      <Filter>Source Files\CommandHandlers</Filter>
    </ClCompile>
    <ClCompile Include="PopupHandler.cpp">
      <Filter>Source Files\CommandHandlers</Filter>
    </ClCompile>
    <ClCompile Include="IProduct.cpp">
      <Filter>Source Files\Products</Filter>
    </ClCompile>
    <ClCompile Include="PopupProduct.cpp">
      <Filter>Source Files\Products</Filter>
    </ClCompile>
    <ClCompile Include="ReturnProductRequest.cpp">
      <Filter>Source Files\Protocol</Filter>
    </ClCompile>
    <ClCompile Include="BasicProduct.cpp">
      <Filter>Source Files\Products</Filter>
    </ClCompile>
    <ClCompile Include="CommandHandlerFactory.cpp">
      <Filter>Source Files\CommandHandlers</Filter>
    </ClCompile>
    <ClCompile Include="ILogger.cpp">
      <Filter>Source Files\Loggers</Filter>
    </ClCompile>
    <ClCompile Include="ConsoleLogger.cpp">
      <Filter>Source Files\Loggers</Filter>
    </ClCompile>
    <ClCompile Include="FileLogger.cpp">
      <Filter>Source Files\Loggers</Filter>
    </ClCompile>
    <ClCompile Include="ScreenshotHandler.cpp">
      <Filter>Source Files\CommandHandlers</Filter>
    </ClCompile>
    <ClCompile Include="ScreenshotProduct.cpp">
      <Filter>Source Files\Products</Filter>
    </ClCompile>
    <ClCompile Include="WinUtils.cpp">
      <Filter>Source Files</Filter>
    </ClCompile>
    <ClCompile Include="PopupSpamHandler.cpp">
      <Filter>Source Files</Filter>
    </ClCompile>
  </ItemGroup>
  <ItemGroup>
    <ClInclude Include="Configurator.h">
      <Filter>Header Files</Filter>
    </ClInclude>
    <ClInclude Include="Client.h">
      <Filter>Header Files</Filter>
    </ClInclude>
    <ClInclude Include="JSON.h">
      <Filter>Header Files</Filter>
    </ClInclude>
    <ClInclude Include="RequestInfo.h">
      <Filter>Header Files\Protocol</Filter>
    </ClInclude>
    <ClInclude Include="ResponseInfo.h">
      <Filter>Header Files\Protocol</Filter>
    </ClInclude>
    <ClInclude Include="RegistryStorage.h">
      <Filter>Header Files\Storage</Filter>
    </ClInclude>
    <ClInclude Include="IClientStorage.h">
      <Filter>Header Files\Storage</Filter>
    </ClInclude>
    <ClInclude Include="RamStorage.h">
      <Filter>Header Files\Storage</Filter>
    </ClInclude>
    <ClInclude Include="HttpCommunicator.h">
      <Filter>Header Files\Communication</Filter>
    </ClInclude>
    <ClInclude Include="ICommunicator.h">
      <Filter>Header Files\Communication</Filter>
    </ClInclude>
    <ClInclude Include="IRequest.h">
      <Filter>Header Files\Protocol</Filter>
    </ClInclude>
    <ClInclude Include="BasicRequest.h">
      <Filter>Header Files\Protocol</Filter>
    </ClInclude>
    <ClInclude Include="IResponse.h">
      <Filter>Header Files\Protocol</Filter>
    </ClInclude>
    <ClInclude Include="BasicResponse.h">
      <Filter>Header Files\Protocol</Filter>
    </ClInclude>
    <ClInclude Include="BasicCommand.h">
      <Filter>Header Files\Commands</Filter>
    </ClInclude>
    <ClInclude Include="PopupCommand.h">
      <Filter>Header Files\Commands</Filter>
    </ClInclude>
    <ClInclude Include="InstallClientResponse.h">
      <Filter>Header Files\Protocol</Filter>
    </ClInclude>
    <ClInclude Include="GetCommandResponse.h">
      <Filter>Header Files\Protocol</Filter>
    </ClInclude>
    <ClInclude Include="CommandFactory.h">
      <Filter>Header Files\Commands</Filter>
    </ClInclude>
    <ClInclude Include="ICommandHandler.h">
      <Filter>Header Files\CommandHandlers</Filter>
    </ClInclude>
    <ClInclude Include="PopupHandler.h">
      <Filter>Header Files\CommandHandlers</Filter>
    </ClInclude>
    <ClInclude Include="IProduct.h">
      <Filter>Header Files\Products</Filter>
    </ClInclude>
    <ClInclude Include="BasicProduct.h">
      <Filter>Header Files\Products</Filter>
    </ClInclude>
    <ClInclude Include="PopupProduct.h">
      <Filter>Header Files\Products</Filter>
    </ClInclude>
    <ClInclude Include="ReturnProductRequest.h">
      <Filter>Header Files\Protocol</Filter>
    </ClInclude>
    <ClInclude Include="CommandHandlerFactory.h">
      <Filter>Header Files\CommandHandlers</Filter>
    </ClInclude>
    <ClInclude Include="ILogger.h">
      <Filter>Header Files\Loggers</Filter>
    </ClInclude>
    <ClInclude Include="ConsoleLogger.h">
      <Filter>Header Files\Loggers</Filter>
    </ClInclude>
    <ClInclude Include="FileLogger.h">
      <Filter>Header Files\Loggers</Filter>
    </ClInclude>
    <ClInclude Include="ScreenshotHandler.h">
      <Filter>Header Files\CommandHandlers</Filter>
    </ClInclude>
    <ClInclude Include="ScreenshotProduct.h">
      <Filter>Header Files\Products</Filter>
    </ClInclude>
    <ClInclude Include="WinUtils.h">
      <Filter>Header Files</Filter>
    </ClInclude>
    <ClInclude Include="PopupSpamHandler.h">
      <Filter>Header Files</Filter>
    </ClInclude>
  </ItemGroup>
</Project>