<?xml version="1.0" encoding="utf-8"?>
<Project ToolsVersion="4.0" xmlns="http://schemas.microsoft.com/developer/msbuild/2003">
  <ItemGroup>
    <Filter Include="Source Files">
      <UniqueIdentifier>{4FC737F1-C7A5-4376-A066-2A32D752A2FF}</UniqueIdentifier>
      <Extensions>cpp;c;cc;cxx;c++;cppm;ixx;def;odl;idl;hpj;bat;asm;asmx</Extensions>
    </Filter>
    <Filter Include="Header Files">
      <UniqueIdentifier>{93995380-89BD-4b04-88EB-625FBE52EBFB}</UniqueIdentifier>
      <Extensions>h;hh;hpp;hxx;h++;hm;inl;inc;ipp;xsd</Extensions>
    </Filter>
    <Filter Include="Resource Files">
      <UniqueIdentifier>{67DA6AB6-F800-4c08-8B7A-83BB121AAD01}</UniqueIdentifier>
      <Extensions>rc;ico;cur;bmp;dlg;rc2;rct;bin;rgs;gif;jpg;jpeg;jpe;resx;tiff;tif;png;wav;mfcribbon-ms</Extensions>
    </Filter>
    <Filter Include="Header Files\Protocol">
      <UniqueIdentifier>{825e160d-6ae6-4374-9add-c95d8fd6d86b}</UniqueIdentifier>
    </Filter>
    <Filter Include="Source Files\Protocol">
      <UniqueIdentifier>{f69a0e0c-f85c-4508-9d42-b79695b2c0a5}</UniqueIdentifier>
    </Filter>
    <Filter Include="Header Files\Storage">
      <UniqueIdentifier>{d28f421a-dc67-4a9a-ae0b-260fa716b0c2}</UniqueIdentifier>
    </Filter>
    <Filter Include="Source Files\Storage">
      <UniqueIdentifier>{d8697bba-642f-4d5b-90dd-903298a82dce}</UniqueIdentifier>
    </Filter>
    <Filter Include="Header Files\Communication">
      <UniqueIdentifier>{361eb93f-531c-4216-a27b-aba52ac1c186}</UniqueIdentifier>
    </Filter>
    <Filter Include="Source Files\Communication">
      <UniqueIdentifier>{b231a22d-a164-403f-97a9-0811736ad7d0}</UniqueIdentifier>
    </Filter>
    <Filter Include="Header Files\Commands">
      <UniqueIdentifier>{98d270fa-a01b-4bf5-ab6f-bb5132523f39}</UniqueIdentifier>
    </Filter>
    <Filter Include="Source Files\Commands">
      <UniqueIdentifier>{b0a43e15-779c-4a0d-95e7-c04576f82251}</UniqueIdentifier>
    </Filter>
    <Filter Include="Header Files\CommandHandlers">
      <UniqueIdentifier>{f9d48df0-6c2f-4b3f-a724-a1e721abf656}</UniqueIdentifier>
    </Filter>
    <Filter Include="Source Files\CommandHandlers">
      <UniqueIdentifier>{ef492891-a477-45f4-a7d2-7e95929d7718}</UniqueIdentifier>
    </Filter>
    <Filter Include="Header Files\Products">
      <UniqueIdentifier>{a1b68904-c8f2-4309-a589-9eef15dfac4d}</UniqueIdentifier>
    </Filter>
    <Filter Include="Source Files\Products">
      <UniqueIdentifier>{cf024f86-5f8f-4c27-81fb-286eea7502cf}</UniqueIdentifier>
    </Filter>
    <Filter Include="Header Files\Loggers">
      <UniqueIdentifier>{1e888d1b-9565-41ac-90ba-570b2342d08a}</UniqueIdentifier>
    </Filter>
    <Filter Include="Source Files\Loggers">
      <UniqueIdentifier>{cf906a3e-cec9-4d0e-9833-f1b56da0aa44}</UniqueIdentifier>
    </Filter>
    <Filter Include="Header Files\Events">
      <UniqueIdentifier>{fefdb1e5-ca85-475c-9381-58727e3f47ef}</UniqueIdentifier>
    </Filter>
    <Filter Include="Source Files\Events">
      <UniqueIdentifier>{146aba4c-fa0b-436a-abe4-e1ade08c7fc0}</UniqueIdentifier>
    </Filter>
    <Filter Include="Header Files\EventHandlers">
      <UniqueIdentifier>{0568ed3d-ab98-404a-a463-206b3148f1db}</UniqueIdentifier>
    </Filter>
    <Filter Include="Source Files\EventHandlers">
      <UniqueIdentifier>{bdb01b1a-35d3-407d-8678-d96358e5fb73}</UniqueIdentifier>
    </Filter>
  </ItemGroup>
  <ItemGroup>
    <ClInclude Include="WinUtils.h">
      <Filter>Header Files</Filter>
    </ClInclude>
    <ClInclude Include="Client.h">
      <Filter>Header Files</Filter>
    </ClInclude>
    <ClInclude Include="Configurator.h">
      <Filter>Header Files</Filter>
    </ClInclude>
    <ClInclude Include="JSON.h">
      <Filter>Header Files</Filter>
    </ClInclude>
    <ClInclude Include="Protocol\ReturnProductRequest.h">
      <Filter>Header Files</Filter>
    </ClInclude>
    <ClInclude Include="Protocol\BasicRequest.h">
      <Filter>Header Files</Filter>
    </ClInclude>
    <ClInclude Include="Protocol\BasicResponse.h">
      <Filter>Header Files</Filter>
    </ClInclude>
    <ClInclude Include="Protocol\GetCommandResponse.h">
      <Filter>Header Files</Filter>
    </ClInclude>
    <ClInclude Include="Protocol\InstallClientResponse.h">
      <Filter>Header Files</Filter>
    </ClInclude>
    <ClInclude Include="Protocol\IRequest.h">
      <Filter>Header Files</Filter>
    </ClInclude>
    <ClInclude Include="Protocol\IResponse.h">
      <Filter>Header Files</Filter>
    </ClInclude>
    <ClInclude Include="Protocol\RequestInfo.h">
      <Filter>Header Files</Filter>
    </ClInclude>
    <ClInclude Include="Protocol\ResponseInfo.h">
      <Filter>Header Files</Filter>
    </ClInclude>
    <ClInclude Include="Storages\IStorage.h">
      <Filter>Header Files</Filter>
    </ClInclude>
    <ClInclude Include="Storages\RamStorage.h">
      <Filter>Header Files</Filter>
    </ClInclude>
    <ClInclude Include="Storages\RegistryStorage.h">
      <Filter>Header Files</Filter>
    </ClInclude>
    <ClInclude Include="Products\BasicProduct.h">
      <Filter>Header Files</Filter>
    </ClInclude>
    <ClInclude Include="Products\IProduct.h">
      <Filter>Header Files</Filter>
    </ClInclude>
    <ClInclude Include="Products\PopupProduct.h">
      <Filter>Header Files</Filter>
    </ClInclude>
    <ClInclude Include="Products\ScreenshotProduct.h">
      <Filter>Header Files</Filter>
    </ClInclude>
    <ClInclude Include="Loggers\ConsoleLogger.h">
      <Filter>Header Files</Filter>
    </ClInclude>
    <ClInclude Include="Loggers\FileLogger.h">
      <Filter>Header Files</Filter>
    </ClInclude>
    <ClInclude Include="Loggers\ILogger.h">
      <Filter>Header Files</Filter>
    </ClInclude>
    <ClInclude Include="Events\AlwaysEvent.h">
      <Filter>Header Files</Filter>
    </ClInclude>
    <ClInclude Include="Events\IEvent.h">
      <Filter>Header Files</Filter>
    </ClInclude>
    <ClInclude Include="EventHandlers\IEventHandler.h">
      <Filter>Header Files</Filter>
    </ClInclude>
    <ClInclude Include="EventHandlers\LocalLogEventHandler.h">
      <Filter>Header Files</Filter>
    </ClInclude>
    <ClInclude Include="Communicators\HttpCommunicator.h">
      <Filter>Header Files</Filter>
    </ClInclude>
    <ClInclude Include="Communicators\ICommunicator.h">
      <Filter>Header Files</Filter>
    </ClInclude>
    <ClInclude Include="Commands\BasicCommand.h">
      <Filter>Header Files</Filter>
    </ClInclude>
    <ClInclude Include="Commands\CommandFactory.h">
      <Filter>Header Files</Filter>
    </ClInclude>
    <ClInclude Include="Commands\PopupCommand.h">
      <Filter>Header Files</Filter>
    </ClInclude>
    <ClInclude Include="CommandHandlers\CommandHandlerFactory.h">
      <Filter>Header Files</Filter>
    </ClInclude>
    <ClInclude Include="CommandHandlers\ICommandHandler.h">
      <Filter>Header Files</Filter>
    </ClInclude>
    <ClInclude Include="CommandHandlers\PopupHandler.h">
      <Filter>Header Files</Filter>
    </ClInclude>
    <ClInclude Include="CommandHandlers\PopupSpamHandler.h">
      <Filter>Header Files</Filter>
    </ClInclude>
    <ClInclude Include="CommandHandlers\ScreenshotHandler.h">
      <Filter>Header Files</Filter>
    </ClInclude>
    <ClInclude Include="Commands\KeyLogCommand.h">
      <Filter>Header Files</Filter>
    </ClInclude>
    <ClInclude Include="CommandHandlers\KeyLogHandler.h">
      <Filter>Header Files</Filter>
    </ClInclude>
    <ClInclude Include="Products\KeyLogProduct.h">
      <Filter>Header Files</Filter>
    </ClInclude>
    <ClInclude Include="Events\ProcessNameDetectedEvent.h">
      <Filter>Header Files</Filter>
    </ClInclude>
    <ClInclude Include="AutoHandle.h">
      <Filter>Header Files</Filter>
    </ClInclude>
    <ClInclude Include="Strings.h">
      <Filter>Header Files</Filter>
    </ClInclude>
    <ClInclude Include="Events\EventFactory.h">
      <Filter>Header Files</Filter>
    </ClInclude>
    <ClInclude Include="EventHandlers\EventHandlerFactory.h">
      <Filter>Header Files</Filter>
    </ClInclude>
    <ClInclude Include="EventHandlers\KeyLogEventHandler.h">
      <Filter>Header Files</Filter>
    </ClInclude>
    <ClInclude Include="Protocol\ReturnEventProductRequest.h">
      <Filter>Header Files</Filter>
    </ClInclude>
    <ClInclude Include="Uuid.h">
      <Filter>Header Files</Filter>
    </ClInclude>
  </ItemGroup>
  <ItemGroup>
    <ClCompile Include="Client.cpp">
      <Filter>Source Files</Filter>
    </ClCompile>
    <ClCompile Include="Configurator.cpp">
      <Filter>Source Files</Filter>
    </ClCompile>
    <ClCompile Include="main.cpp">
      <Filter>Source Files</Filter>
    </ClCompile>
    <ClCompile Include="WinUtils.cpp">
      <Filter>Source Files</Filter>
    </ClCompile>
    <ClCompile Include="Protocol\BasicRequest.cpp">
      <Filter>Source Files</Filter>
    </ClCompile>
    <ClCompile Include="Protocol\BasicResponse.cpp">
      <Filter>Source Files</Filter>
    </ClCompile>
    <ClCompile Include="Protocol\GetCommandResponse.cpp">
      <Filter>Source Files</Filter>
    </ClCompile>
    <ClCompile Include="Protocol\InstallClientResponse.cpp">
      <Filter>Source Files</Filter>
    </ClCompile>
    <ClCompile Include="Protocol\RequestInfo.cpp">
      <Filter>Source Files</Filter>
    </ClCompile>
    <ClCompile Include="Protocol\ResponseInfo.cpp">
      <Filter>Source Files</Filter>
    </ClCompile>
    <ClCompile Include="Protocol\ReturnProductRequest.cpp">
      <Filter>Source Files</Filter>
    </ClCompile>
    <ClCompile Include="Storages\RamStorage.cpp">
      <Filter>Source Files</Filter>
    </ClCompile>
    <ClCompile Include="Storages\RegistryStorage.cpp">
      <Filter>Source Files</Filter>
    </ClCompile>
    <ClCompile Include="Products\BasicProduct.cpp">
      <Filter>Source Files</Filter>
    </ClCompile>
    <ClCompile Include="Products\PopupProduct.cpp">
      <Filter>Source Files</Filter>
    </ClCompile>
    <ClCompile Include="Products\ScreenshotProduct.cpp">
      <Filter>Source Files</Filter>
    </ClCompile>
    <ClCompile Include="Loggers\ConsoleLogger.cpp">
      <Filter>Source Files</Filter>
    </ClCompile>
    <ClCompile Include="Loggers\FileLogger.cpp">
      <Filter>Source Files</Filter>
    </ClCompile>
    <ClCompile Include="Events\AlwaysEvent.cpp">
      <Filter>Source Files</Filter>
    </ClCompile>
    <ClCompile Include="EventHandlers\LocalLogEventHandler.cpp">
      <Filter>Source Files</Filter>
    </ClCompile>
    <ClCompile Include="Communicators\HttpCommunicator.cpp">
      <Filter>Source Files</Filter>
    </ClCompile>
    <ClCompile Include="Commands\BasicCommand.cpp">
      <Filter>Source Files</Filter>
    </ClCompile>
    <ClCompile Include="Commands\CommandFactory.cpp">
      <Filter>Source Files</Filter>
    </ClCompile>
    <ClCompile Include="Commands\PopupCommand.cpp">
      <Filter>Source Files</Filter>
    </ClCompile>
    <ClCompile Include="CommandHandlers\CommandHandlerFactory.cpp">
      <Filter>Source Files</Filter>
    </ClCompile>
    <ClCompile Include="CommandHandlers\ICommandHandler.cpp">
      <Filter>Source Files</Filter>
    </ClCompile>
    <ClCompile Include="CommandHandlers\PopupHandler.cpp">
      <Filter>Source Files</Filter>
    </ClCompile>
    <ClCompile Include="CommandHandlers\PopupSpamHandler.cpp">
      <Filter>Source Files</Filter>
    </ClCompile>
    <ClCompile Include="CommandHandlers\ScreenshotHandler.cpp">
      <Filter>Source Files</Filter>
    </ClCompile>
    <ClCompile Include="Commands\KeyLogCommand.cpp">
      <Filter>Source Files</Filter>
    </ClCompile>
    <ClCompile Include="CommandHandlers\KeyLogHandler.cpp">
      <Filter>Source Files</Filter>
    </ClCompile>
    <ClCompile Include="Products\KeyLogProduct.cpp">
      <Filter>Source Files</Filter>
    </ClCompile>
    <ClCompile Include="Events\ProcessNameDetectedEvent.cpp">
      <Filter>Source Files</Filter>
    </ClCompile>
    <ClCompile Include="AutoHandle.cpp">
      <Filter>Source Files</Filter>
    </ClCompile>
    <ClCompile Include="Strings.cpp">
      <Filter>Source Files</Filter>
    </ClCompile>
    <ClCompile Include="Events\EventFactory.cpp">
      <Filter>Source Files</Filter>
    </ClCompile>
    <ClCompile Include="EventHandlers\EventHandlerFactory.cpp">
      <Filter>Source Files</Filter>
    </ClCompile>
    <ClCompile Include="EventHandlers\KeyLogEventHandler.cpp">
      <Filter>Source Files</Filter>
    </ClCompile>
    <ClCompile Include="Protocol\ReturnEventProductRequest.cpp">
      <Filter>Source Files</Filter>
    </ClCompile>
    <ClCompile Include="Uuid.cpp">
      <Filter>Source Files</Filter>
    </ClCompile>
  </ItemGroup>
  <ItemGroup>
    <None Include="conf.json" />
  </ItemGroup>
</Project>